
Microsoft Visual Studio Solution File, Format Version 12.00
# Visual Studio 14
VisualStudioVersion = 14.0.25420.1
MinimumVisualStudioVersion = 10.0.40219.1
Project("{FAE04EC0-301F-11D3-BF4B-00C04F79EFBC}") = "Contatos.Android", "Contatos\Contatos.Android\Contatos.Android.csproj", "{E5ADCE66-4AAF-4ACB-A02A-71DE20AE24F2}"
EndProject
Project("{FAE04EC0-301F-11D3-BF4B-00C04F79EFBC}") = "Contatos", "Contatos\Contatos\Contatos.csproj", "{9982EE9B-4B7E-42AB-948D-9BD5E5878DE2}"
EndProject
Project("{FAE04EC0-301F-11D3-BF4B-00C04F79EFBC}") = "Contatos.UWP", "Contatos\Contatos.UWP\Contatos.UWP.csproj", "{9545AE5E-A424-4BA0-AA9E-66F929B25EEB}"
EndProject
Project("{FAE04EC0-301F-11D3-BF4B-00C04F79EFBC}") = "Contatos.iOS", "Contatos\Contatos.iOS\Contatos.iOS.csproj", "{C0A779D3-138C-42EF-B2F7-EFF0D67BA92A}"
EndProject
Global
	GlobalSection(SolutionConfigurationPlatforms) = preSolution
		Ad-Hoc|Any CPU = Ad-Hoc|Any CPU
		Ad-Hoc|ARM = Ad-Hoc|ARM
		Ad-Hoc|iPhone = Ad-Hoc|iPhone
		Ad-Hoc|iPhoneSimulator = Ad-Hoc|iPhoneSimulator
		Ad-Hoc|x64 = Ad-Hoc|x64
		Ad-Hoc|x86 = Ad-Hoc|x86
		AppStore|Any CPU = AppStore|Any CPU
		AppStore|ARM = AppStore|ARM
		AppStore|iPhone = AppStore|iPhone
		AppStore|iPhoneSimulator = AppStore|iPhoneSimulator
		AppStore|x64 = AppStore|x64
		AppStore|x86 = AppStore|x86
		Debug|Any CPU = Debug|Any CPU
		Debug|ARM = Debug|ARM
		Debug|iPhone = Debug|iPhone
		Debug|iPhoneSimulator = Debug|iPhoneSimulator
		Debug|x64 = Debug|x64
		Debug|x86 = Debug|x86
		Release|Any CPU = Release|Any CPU
		Release|ARM = Release|ARM
		Release|iPhone = Release|iPhone
		Release|iPhoneSimulator = Release|iPhoneSimulator
		Release|x64 = Release|x64
		Release|x86 = Release|x86
	EndGlobalSection
	GlobalSection(ProjectConfigurationPlatforms) = postSolution
		{E5ADCE66-4AAF-4ACB-A02A-71DE20AE24F2}.Ad-Hoc|Any CPU.ActiveCfg = Release|Any CPU
		{E5ADCE66-4AAF-4ACB-A02A-71DE20AE24F2}.Ad-Hoc|Any CPU.Build.0 = Release|Any CPU
		{E5ADCE66-4AAF-4ACB-A02A-71DE20AE24F2}.Ad-Hoc|Any CPU.Deploy.0 = Release|Any CPU
		{E5ADCE66-4AAF-4ACB-A02A-71DE20AE24F2}.Ad-Hoc|ARM.ActiveCfg = Release|Any CPU
		{E5ADCE66-4AAF-4ACB-A02A-71DE20AE24F2}.Ad-Hoc|ARM.Build.0 = Release|Any CPU
		{E5ADCE66-4AAF-4ACB-A02A-71DE20AE24F2}.Ad-Hoc|ARM.Deploy.0 = Release|Any CPU
		{E5ADCE66-4AAF-4ACB-A02A-71DE20AE24F2}.Ad-Hoc|iPhone.ActiveCfg = Release|Any CPU
		{E5ADCE66-4AAF-4ACB-A02A-71DE20AE24F2}.Ad-Hoc|iPhone.Build.0 = Release|Any CPU
		{E5ADCE66-4AAF-4ACB-A02A-71DE20AE24F2}.Ad-Hoc|iPhone.Deploy.0 = Release|Any CPU
		{E5ADCE66-4AAF-4ACB-A02A-71DE20AE24F2}.Ad-Hoc|iPhoneSimulator.ActiveCfg = Release|Any CPU
		{E5ADCE66-4AAF-4ACB-A02A-71DE20AE24F2}.Ad-Hoc|iPhoneSimulator.Build.0 = Release|Any CPU
		{E5ADCE66-4AAF-4ACB-A02A-71DE20AE24F2}.Ad-Hoc|iPhoneSimulator.Deploy.0 = Release|Any CPU
		{E5ADCE66-4AAF-4ACB-A02A-71DE20AE24F2}.Ad-Hoc|x64.ActiveCfg = Release|Any CPU
		{E5ADCE66-4AAF-4ACB-A02A-71DE20AE24F2}.Ad-Hoc|x64.Build.0 = Release|Any CPU
		{E5ADCE66-4AAF-4ACB-A02A-71DE20AE24F2}.Ad-Hoc|x64.Deploy.0 = Release|Any CPU
		{E5ADCE66-4AAF-4ACB-A02A-71DE20AE24F2}.Ad-Hoc|x86.ActiveCfg = Release|Any CPU
		{E5ADCE66-4AAF-4ACB-A02A-71DE20AE24F2}.Ad-Hoc|x86.Build.0 = Release|Any CPU
		{E5ADCE66-4AAF-4ACB-A02A-71DE20AE24F2}.Ad-Hoc|x86.Deploy.0 = Release|Any CPU
		{E5ADCE66-4AAF-4ACB-A02A-71DE20AE24F2}.AppStore|Any CPU.ActiveCfg = Release|Any CPU
		{E5ADCE66-4AAF-4ACB-A02A-71DE20AE24F2}.AppStore|Any CPU.Build.0 = Release|Any CPU
		{E5ADCE66-4AAF-4ACB-A02A-71DE20AE24F2}.AppStore|Any CPU.Deploy.0 = Release|Any CPU
		{E5ADCE66-4AAF-4ACB-A02A-71DE20AE24F2}.AppStore|ARM.ActiveCfg = Release|Any CPU
		{E5ADCE66-4AAF-4ACB-A02A-71DE20AE24F2}.AppStore|ARM.Build.0 = Release|Any CPU
		{E5ADCE66-4AAF-4ACB-A02A-71DE20AE24F2}.AppStore|ARM.Deploy.0 = Release|Any CPU
		{E5ADCE66-4AAF-4ACB-A02A-71DE20AE24F2}.AppStore|iPhone.ActiveCfg = Release|Any CPU
		{E5ADCE66-4AAF-4ACB-A02A-71DE20AE24F2}.AppStore|iPhone.Build.0 = Release|Any CPU
		{E5ADCE66-4AAF-4ACB-A02A-71DE20AE24F2}.AppStore|iPhone.Deploy.0 = Release|Any CPU
		{E5ADCE66-4AAF-4ACB-A02A-71DE20AE24F2}.AppStore|iPhoneSimulator.ActiveCfg = Release|Any CPU
		{E5ADCE66-4AAF-4ACB-A02A-71DE20AE24F2}.AppStore|iPhoneSimulator.Build.0 = Release|Any CPU
		{E5ADCE66-4AAF-4ACB-A02A-71DE20AE24F2}.AppStore|iPhoneSimulator.Deploy.0 = Release|Any CPU
		{E5ADCE66-4AAF-4ACB-A02A-71DE20AE24F2}.AppStore|x64.ActiveCfg = Release|Any CPU
		{E5ADCE66-4AAF-4ACB-A02A-71DE20AE24F2}.AppStore|x64.Build.0 = Release|Any CPU
		{E5ADCE66-4AAF-4ACB-A02A-71DE20AE24F2}.AppStore|x64.Deploy.0 = Release|Any CPU
		{E5ADCE66-4AAF-4ACB-A02A-71DE20AE24F2}.AppStore|x86.ActiveCfg = Release|Any CPU
		{E5ADCE66-4AAF-4ACB-A02A-71DE20AE24F2}.AppStore|x86.Build.0 = Release|Any CPU
		{E5ADCE66-4AAF-4ACB-A02A-71DE20AE24F2}.AppStore|x86.Deploy.0 = Release|Any CPU
		{E5ADCE66-4AAF-4ACB-A02A-71DE20AE24F2}.Debug|Any CPU.ActiveCfg = Debug|Any CPU
		{E5ADCE66-4AAF-4ACB-A02A-71DE20AE24F2}.Debug|ARM.ActiveCfg = Debug|Any CPU
		{E5ADCE66-4AAF-4ACB-A02A-71DE20AE24F2}.Debug|ARM.Build.0 = Debug|Any CPU
		{E5ADCE66-4AAF-4ACB-A02A-71DE20AE24F2}.Debug|ARM.Deploy.0 = Debug|Any CPU
		{E5ADCE66-4AAF-4ACB-A02A-71DE20AE24F2}.Debug|iPhone.ActiveCfg = Debug|Any CPU
		{E5ADCE66-4AAF-4ACB-A02A-71DE20AE24F2}.Debug|iPhone.Build.0 = Debug|Any CPU
		{E5ADCE66-4AAF-4ACB-A02A-71DE20AE24F2}.Debug|iPhone.Deploy.0 = Debug|Any CPU
		{E5ADCE66-4AAF-4ACB-A02A-71DE20AE24F2}.Debug|iPhoneSimulator.ActiveCfg = Debug|Any CPU
		{E5ADCE66-4AAF-4ACB-A02A-71DE20AE24F2}.Debug|iPhoneSimulator.Build.0 = Debug|Any CPU
		{E5ADCE66-4AAF-4ACB-A02A-71DE20AE24F2}.Debug|iPhoneSimulator.Deploy.0 = Debug|Any CPU
		{E5ADCE66-4AAF-4ACB-A02A-71DE20AE24F2}.Debug|x64.ActiveCfg = Debug|Any CPU
		{E5ADCE66-4AAF-4ACB-A02A-71DE20AE24F2}.Debug|x64.Build.0 = Debug|Any CPU
		{E5ADCE66-4AAF-4ACB-A02A-71DE20AE24F2}.Debug|x64.Deploy.0 = Debug|Any CPU
		{E5ADCE66-4AAF-4ACB-A02A-71DE20AE24F2}.Debug|x86.ActiveCfg = Debug|Any CPU
		{E5ADCE66-4AAF-4ACB-A02A-71DE20AE24F2}.Debug|x86.Build.0 = Debug|Any CPU
		{E5ADCE66-4AAF-4ACB-A02A-71DE20AE24F2}.Debug|x86.Deploy.0 = Debug|Any CPU
		{E5ADCE66-4AAF-4ACB-A02A-71DE20AE24F2}.Release|Any CPU.ActiveCfg = Release|Any CPU
		{E5ADCE66-4AAF-4ACB-A02A-71DE20AE24F2}.Release|Any CPU.Build.0 = Release|Any CPU
		{E5ADCE66-4AAF-4ACB-A02A-71DE20AE24F2}.Release|Any CPU.Deploy.0 = Release|Any CPU
		{E5ADCE66-4AAF-4ACB-A02A-71DE20AE24F2}.Release|ARM.ActiveCfg = Release|Any CPU
		{E5ADCE66-4AAF-4ACB-A02A-71DE20AE24F2}.Release|ARM.Build.0 = Release|Any CPU
		{E5ADCE66-4AAF-4ACB-A02A-71DE20AE24F2}.Release|ARM.Deploy.0 = Release|Any CPU
		{E5ADCE66-4AAF-4ACB-A02A-71DE20AE24F2}.Release|iPhone.ActiveCfg = Release|Any CPU
		{E5ADCE66-4AAF-4ACB-A02A-71DE20AE24F2}.Release|iPhone.Build.0 = Release|Any CPU
		{E5ADCE66-4AAF-4ACB-A02A-71DE20AE24F2}.Release|iPhone.Deploy.0 = Release|Any CPU
		{E5ADCE66-4AAF-4ACB-A02A-71DE20AE24F2}.Release|iPhoneSimulator.ActiveCfg = Release|Any CPU
		{E5ADCE66-4AAF-4ACB-A02A-71DE20AE24F2}.Release|iPhoneSimulator.Build.0 = Release|Any CPU
		{E5ADCE66-4AAF-4ACB-A02A-71DE20AE24F2}.Release|iPhoneSimulator.Deploy.0 = Release|Any CPU
		{E5ADCE66-4AAF-4ACB-A02A-71DE20AE24F2}.Release|x64.ActiveCfg = Release|Any CPU
		{E5ADCE66-4AAF-4ACB-A02A-71DE20AE24F2}.Release|x64.Build.0 = Release|Any CPU
		{E5ADCE66-4AAF-4ACB-A02A-71DE20AE24F2}.Release|x64.Deploy.0 = Release|Any CPU
		{E5ADCE66-4AAF-4ACB-A02A-71DE20AE24F2}.Release|x86.ActiveCfg = Release|Any CPU
		{E5ADCE66-4AAF-4ACB-A02A-71DE20AE24F2}.Release|x86.Build.0 = Release|Any CPU
		{E5ADCE66-4AAF-4ACB-A02A-71DE20AE24F2}.Release|x86.Deploy.0 = Release|Any CPU
		{9982EE9B-4B7E-42AB-948D-9BD5E5878DE2}.Ad-Hoc|Any CPU.ActiveCfg = Release|Any CPU
		{9982EE9B-4B7E-42AB-948D-9BD5E5878DE2}.Ad-Hoc|Any CPU.Build.0 = Release|Any CPU
		{9982EE9B-4B7E-42AB-948D-9BD5E5878DE2}.Ad-Hoc|ARM.ActiveCfg = Release|Any CPU
		{9982EE9B-4B7E-42AB-948D-9BD5E5878DE2}.Ad-Hoc|ARM.Build.0 = Release|Any CPU
		{9982EE9B-4B7E-42AB-948D-9BD5E5878DE2}.Ad-Hoc|iPhone.ActiveCfg = Release|Any CPU
		{9982EE9B-4B7E-42AB-948D-9BD5E5878DE2}.Ad-Hoc|iPhone.Build.0 = Release|Any CPU
		{9982EE9B-4B7E-42AB-948D-9BD5E5878DE2}.Ad-Hoc|iPhoneSimulator.ActiveCfg = Release|Any CPU
		{9982EE9B-4B7E-42AB-948D-9BD5E5878DE2}.Ad-Hoc|iPhoneSimulator.Build.0 = Release|Any CPU
		{9982EE9B-4B7E-42AB-948D-9BD5E5878DE2}.Ad-Hoc|x64.ActiveCfg = Release|Any CPU
		{9982EE9B-4B7E-42AB-948D-9BD5E5878DE2}.Ad-Hoc|x64.Build.0 = Release|Any CPU
		{9982EE9B-4B7E-42AB-948D-9BD5E5878DE2}.Ad-Hoc|x86.ActiveCfg = Release|Any CPU
		{9982EE9B-4B7E-42AB-948D-9BD5E5878DE2}.Ad-Hoc|x86.Build.0 = Release|Any CPU
		{9982EE9B-4B7E-42AB-948D-9BD5E5878DE2}.AppStore|Any CPU.ActiveCfg = Release|Any CPU
		{9982EE9B-4B7E-42AB-948D-9BD5E5878DE2}.AppStore|Any CPU.Build.0 = Release|Any CPU
		{9982EE9B-4B7E-42AB-948D-9BD5E5878DE2}.AppStore|ARM.ActiveCfg = Release|Any CPU
		{9982EE9B-4B7E-42AB-948D-9BD5E5878DE2}.AppStore|ARM.Build.0 = Release|Any CPU
		{9982EE9B-4B7E-42AB-948D-9BD5E5878DE2}.AppStore|iPhone.ActiveCfg = Release|Any CPU
		{9982EE9B-4B7E-42AB-948D-9BD5E5878DE2}.AppStore|iPhone.Build.0 = Release|Any CPU
		{9982EE9B-4B7E-42AB-948D-9BD5E5878DE2}.AppStore|iPhoneSimulator.ActiveCfg = Release|Any CPU
		{9982EE9B-4B7E-42AB-948D-9BD5E5878DE2}.AppStore|iPhoneSimulator.Build.0 = Release|Any CPU
		{9982EE9B-4B7E-42AB-948D-9BD5E5878DE2}.AppStore|x64.ActiveCfg = Release|Any CPU
		{9982EE9B-4B7E-42AB-948D-9BD5E5878DE2}.AppStore|x64.Build.0 = Release|Any CPU
		{9982EE9B-4B7E-42AB-948D-9BD5E5878DE2}.AppStore|x86.ActiveCfg = Release|Any CPU
		{9982EE9B-4B7E-42AB-948D-9BD5E5878DE2}.AppStore|x86.Build.0 = Release|Any CPU
		{9982EE9B-4B7E-42AB-948D-9BD5E5878DE2}.Debug|Any CPU.ActiveCfg = Debug|Any CPU
		{9982EE9B-4B7E-42AB-948D-9BD5E5878DE2}.Debug|Any CPU.Build.0 = Debug|Any CPU
		{9982EE9B-4B7E-42AB-948D-9BD5E5878DE2}.Debug|ARM.ActiveCfg = Debug|Any CPU
		{9982EE9B-4B7E-42AB-948D-9BD5E5878DE2}.Debug|ARM.Build.0 = Debug|Any CPU
		{9982EE9B-4B7E-42AB-948D-9BD5E5878DE2}.Debug|iPhone.ActiveCfg = Debug|Any CPU
		{9982EE9B-4B7E-42AB-948D-9BD5E5878DE2}.Debug|iPhone.Build.0 = Debug|Any CPU
		{9982EE9B-4B7E-42AB-948D-9BD5E5878DE2}.Debug|iPhoneSimulator.ActiveCfg = Debug|Any CPU
		{9982EE9B-4B7E-42AB-948D-9BD5E5878DE2}.Debug|iPhoneSimulator.Build.0 = Debug|Any CPU
		{9982EE9B-4B7E-42AB-948D-9BD5E5878DE2}.Debug|x64.ActiveCfg = Debug|Any CPU
		{9982EE9B-4B7E-42AB-948D-9BD5E5878DE2}.Debug|x64.Build.0 = Debug|Any CPU
		{9982EE9B-4B7E-42AB-948D-9BD5E5878DE2}.Debug|x86.ActiveCfg = Debug|Any CPU
		{9982EE9B-4B7E-42AB-948D-9BD5E5878DE2}.Debug|x86.Build.0 = Debug|Any CPU
		{9982EE9B-4B7E-42AB-948D-9BD5E5878DE2}.Release|Any CPU.ActiveCfg = Release|Any CPU
		{9982EE9B-4B7E-42AB-948D-9BD5E5878DE2}.Release|Any CPU.Build.0 = Release|Any CPU
		{9982EE9B-4B7E-42AB-948D-9BD5E5878DE2}.Release|ARM.ActiveCfg = Release|Any CPU
		{9982EE9B-4B7E-42AB-948D-9BD5E5878DE2}.Release|ARM.Build.0 = Release|Any CPU
		{9982EE9B-4B7E-42AB-948D-9BD5E5878DE2}.Release|iPhone.ActiveCfg = Release|Any CPU
		{9982EE9B-4B7E-42AB-948D-9BD5E5878DE2}.Release|iPhone.Build.0 = Release|Any CPU
		{9982EE9B-4B7E-42AB-948D-9BD5E5878DE2}.Release|iPhoneSimulator.ActiveCfg = Release|Any CPU
		{9982EE9B-4B7E-42AB-948D-9BD5E5878DE2}.Release|iPhoneSimulator.Build.0 = Release|Any CPU
		{9982EE9B-4B7E-42AB-948D-9BD5E5878DE2}.Release|x64.ActiveCfg = Release|Any CPU
		{9982EE9B-4B7E-42AB-948D-9BD5E5878DE2}.Release|x64.Build.0 = Release|Any CPU
		{9982EE9B-4B7E-42AB-948D-9BD5E5878DE2}.Release|x86.ActiveCfg = Release|Any CPU
		{9982EE9B-4B7E-42AB-948D-9BD5E5878DE2}.Release|x86.Build.0 = Release|Any CPU
		{9545AE5E-A424-4BA0-AA9E-66F929B25EEB}.Ad-Hoc|Any CPU.ActiveCfg = Release|x86
		{9545AE5E-A424-4BA0-AA9E-66F929B25EEB}.Ad-Hoc|Any CPU.Build.0 = Release|x86
		{9545AE5E-A424-4BA0-AA9E-66F929B25EEB}.Ad-Hoc|Any CPU.Deploy.0 = Release|x86
		{9545AE5E-A424-4BA0-AA9E-66F929B25EEB}.Ad-Hoc|ARM.ActiveCfg = Release|ARM
		{9545AE5E-A424-4BA0-AA9E-66F929B25EEB}.Ad-Hoc|ARM.Build.0 = Release|ARM
		{9545AE5E-A424-4BA0-AA9E-66F929B25EEB}.Ad-Hoc|ARM.Deploy.0 = Release|ARM
		{9545AE5E-A424-4BA0-AA9E-66F929B25EEB}.Ad-Hoc|iPhone.ActiveCfg = Release|x86
		{9545AE5E-A424-4BA0-AA9E-66F929B25EEB}.Ad-Hoc|iPhone.Build.0 = Release|x86
		{9545AE5E-A424-4BA0-AA9E-66F929B25EEB}.Ad-Hoc|iPhone.Deploy.0 = Release|x86
		{9545AE5E-A424-4BA0-AA9E-66F929B25EEB}.Ad-Hoc|iPhoneSimulator.ActiveCfg = Release|x86
		{9545AE5E-A424-4BA0-AA9E-66F929B25EEB}.Ad-Hoc|iPhoneSimulator.Build.0 = Release|x86
		{9545AE5E-A424-4BA0-AA9E-66F929B25EEB}.Ad-Hoc|iPhoneSimulator.Deploy.0 = Release|x86
		{9545AE5E-A424-4BA0-AA9E-66F929B25EEB}.Ad-Hoc|x64.ActiveCfg = Release|x64
		{9545AE5E-A424-4BA0-AA9E-66F929B25EEB}.Ad-Hoc|x64.Build.0 = Release|x64
		{9545AE5E-A424-4BA0-AA9E-66F929B25EEB}.Ad-Hoc|x64.Deploy.0 = Release|x64
		{9545AE5E-A424-4BA0-AA9E-66F929B25EEB}.Ad-Hoc|x86.ActiveCfg = Release|x86
		{9545AE5E-A424-4BA0-AA9E-66F929B25EEB}.Ad-Hoc|x86.Build.0 = Release|x86
		{9545AE5E-A424-4BA0-AA9E-66F929B25EEB}.Ad-Hoc|x86.Deploy.0 = Release|x86
		{9545AE5E-A424-4BA0-AA9E-66F929B25EEB}.AppStore|Any CPU.ActiveCfg = Release|x86
		{9545AE5E-A424-4BA0-AA9E-66F929B25EEB}.AppStore|Any CPU.Build.0 = Release|x86
		{9545AE5E-A424-4BA0-AA9E-66F929B25EEB}.AppStore|Any CPU.Deploy.0 = Release|x86
		{9545AE5E-A424-4BA0-AA9E-66F929B25EEB}.AppStore|ARM.ActiveCfg = Release|ARM
		{9545AE5E-A424-4BA0-AA9E-66F929B25EEB}.AppStore|ARM.Build.0 = Release|ARM
		{9545AE5E-A424-4BA0-AA9E-66F929B25EEB}.AppStore|ARM.Deploy.0 = Release|ARM
		{9545AE5E-A424-4BA0-AA9E-66F929B25EEB}.AppStore|iPhone.ActiveCfg = Release|x86
		{9545AE5E-A424-4BA0-AA9E-66F929B25EEB}.AppStore|iPhone.Build.0 = Release|x86
		{9545AE5E-A424-4BA0-AA9E-66F929B25EEB}.AppStore|iPhone.Deploy.0 = Release|x86
		{9545AE5E-A424-4BA0-AA9E-66F929B25EEB}.AppStore|iPhoneSimulator.ActiveCfg = Release|x86
		{9545AE5E-A424-4BA0-AA9E-66F929B25EEB}.AppStore|iPhoneSimulator.Build.0 = Release|x86
		{9545AE5E-A424-4BA0-AA9E-66F929B25EEB}.AppStore|iPhoneSimulator.Deploy.0 = Release|x86
		{9545AE5E-A424-4BA0-AA9E-66F929B25EEB}.AppStore|x64.ActiveCfg = Release|x64
		{9545AE5E-A424-4BA0-AA9E-66F929B25EEB}.AppStore|x64.Build.0 = Release|x64
		{9545AE5E-A424-4BA0-AA9E-66F929B25EEB}.AppStore|x64.Deploy.0 = Release|x64
		{9545AE5E-A424-4BA0-AA9E-66F929B25EEB}.AppStore|x86.ActiveCfg = Release|x86
		{9545AE5E-A424-4BA0-AA9E-66F929B25EEB}.AppStore|x86.Build.0 = Release|x86
		{9545AE5E-A424-4BA0-AA9E-66F929B25EEB}.AppStore|x86.Deploy.0 = Release|x86
		{9545AE5E-A424-4BA0-AA9E-66F929B25EEB}.Debug|Any CPU.ActiveCfg = Debug|x86
		{9545AE5E-A424-4BA0-AA9E-66F929B25EEB}.Debug|Any CPU.Build.0 = Debug|x86
		{9545AE5E-A424-4BA0-AA9E-66F929B25EEB}.Debug|Any CPU.Deploy.0 = Debug|x86
		{9545AE5E-A424-4BA0-AA9E-66F929B25EEB}.Debug|ARM.ActiveCfg = Debug|ARM
		{9545AE5E-A424-4BA0-AA9E-66F929B25EEB}.Debug|ARM.Build.0 = Debug|ARM
		{9545AE5E-A424-4BA0-AA9E-66F929B25EEB}.Debug|ARM.Deploy.0 = Debug|ARM
		{9545AE5E-A424-4BA0-AA9E-66F929B25EEB}.Debug|iPhone.ActiveCfg = Debug|x86
		{9545AE5E-A424-4BA0-AA9E-66F929B25EEB}.Debug|iPhoneSimulator.ActiveCfg = Debug|x86
		{9545AE5E-A424-4BA0-AA9E-66F929B25EEB}.Debug|x64.ActiveCfg = Debug|x64
		{9545AE5E-A424-4BA0-AA9E-66F929B25EEB}.Debug|x64.Build.0 = Debug|x64
		{9545AE5E-A424-4BA0-AA9E-66F929B25EEB}.Debug|x64.Deploy.0 = Debug|x64
		{9545AE5E-A424-4BA0-AA9E-66F929B25EEB}.Debug|x86.ActiveCfg = Debug|x86
		{9545AE5E-A424-4BA0-AA9E-66F929B25EEB}.Debug|x86.Build.0 = Debug|x86
		{9545AE5E-A424-4BA0-AA9E-66F929B25EEB}.Debug|x86.Deploy.0 = Debug|x86
		{9545AE5E-A424-4BA0-AA9E-66F929B25EEB}.Release|Any CPU.ActiveCfg = Release|x86
		{9545AE5E-A424-4BA0-AA9E-66F929B25EEB}.Release|ARM.ActiveCfg = Release|ARM
		{9545AE5E-A424-4BA0-AA9E-66F929B25EEB}.Release|ARM.Build.0 = Release|ARM
		{9545AE5E-A424-4BA0-AA9E-66F929B25EEB}.Release|ARM.Deploy.0 = Release|ARM
		{9545AE5E-A424-4BA0-AA9E-66F929B25EEB}.Release|iPhone.ActiveCfg = Release|x86
		{9545AE5E-A424-4BA0-AA9E-66F929B25EEB}.Release|iPhoneSimulator.ActiveCfg = Release|x86
		{9545AE5E-A424-4BA0-AA9E-66F929B25EEB}.Release|x64.ActiveCfg = Release|x64
		{9545AE5E-A424-4BA0-AA9E-66F929B25EEB}.Release|x64.Build.0 = Release|x64
		{9545AE5E-A424-4BA0-AA9E-66F929B25EEB}.Release|x64.Deploy.0 = Release|x64
		{9545AE5E-A424-4BA0-AA9E-66F929B25EEB}.Release|x86.ActiveCfg = Release|x86
		{9545AE5E-A424-4BA0-AA9E-66F929B25EEB}.Release|x86.Build.0 = Release|x86
		{9545AE5E-A424-4BA0-AA9E-66F929B25EEB}.Release|x86.Deploy.0 = Release|x86
		{C0A779D3-138C-42EF-B2F7-EFF0D67BA92A}.Ad-Hoc|Any CPU.ActiveCfg = Ad-Hoc|iPhone
		{C0A779D3-138C-42EF-B2F7-EFF0D67BA92A}.Ad-Hoc|ARM.ActiveCfg = Ad-Hoc|iPhone
		{C0A779D3-138C-42EF-B2F7-EFF0D67BA92A}.Ad-Hoc|iPhone.ActiveCfg = Ad-Hoc|iPhone
		{C0A779D3-138C-42EF-B2F7-EFF0D67BA92A}.Ad-Hoc|iPhone.Build.0 = Ad-Hoc|iPhone
		{C0A779D3-138C-42EF-B2F7-EFF0D67BA92A}.Ad-Hoc|iPhoneSimulator.ActiveCfg = Ad-Hoc|iPhoneSimulator
		{C0A779D3-138C-42EF-B2F7-EFF0D67BA92A}.Ad-Hoc|iPhoneSimulator.Build.0 = Ad-Hoc|iPhoneSimulator
		{C0A779D3-138C-42EF-B2F7-EFF0D67BA92A}.Ad-Hoc|x64.ActiveCfg = Ad-Hoc|iPhone
		{C0A779D3-138C-42EF-B2F7-EFF0D67BA92A}.Ad-Hoc|x86.ActiveCfg = Ad-Hoc|iPhone
		{C0A779D3-138C-42EF-B2F7-EFF0D67BA92A}.AppStore|Any CPU.ActiveCfg = AppStore|iPhone
		{C0A779D3-138C-42EF-B2F7-EFF0D67BA92A}.AppStore|ARM.ActiveCfg = AppStore|iPhone
		{C0A779D3-138C-42EF-B2F7-EFF0D67BA92A}.AppStore|iPhone.ActiveCfg = AppStore|iPhone
		{C0A779D3-138C-42EF-B2F7-EFF0D67BA92A}.AppStore|iPhone.Build.0 = AppStore|iPhone
		{C0A779D3-138C-42EF-B2F7-EFF0D67BA92A}.AppStore|iPhoneSimulator.ActiveCfg = AppStore|iPhoneSimulator
		{C0A779D3-138C-42EF-B2F7-EFF0D67BA92A}.AppStore|iPhoneSimulator.Build.0 = AppStore|iPhoneSimulator
		{C0A779D3-138C-42EF-B2F7-EFF0D67BA92A}.AppStore|x64.ActiveCfg = AppStore|iPhone
		{C0A779D3-138C-42EF-B2F7-EFF0D67BA92A}.AppStore|x86.ActiveCfg = AppStore|iPhone
		{C0A779D3-138C-42EF-B2F7-EFF0D67BA92A}.Debug|Any CPU.ActiveCfg = Debug|iPhone
		{C0A779D3-138C-42EF-B2F7-EFF0D67BA92A}.Debug|ARM.ActiveCfg = Debug|iPhone
		{C0A779D3-138C-42EF-B2F7-EFF0D67BA92A}.Debug|iPhone.ActiveCfg = Debug|iPhone
		{C0A779D3-138C-42EF-B2F7-EFF0D67BA92A}.Debug|iPhone.Build.0 = Debug|iPhone
		{C0A779D3-138C-42EF-B2F7-EFF0D67BA92A}.Debug|iPhoneSimulator.ActiveCfg = Debug|iPhoneSimulator
		{C0A779D3-138C-42EF-B2F7-EFF0D67BA92A}.Debug|iPhoneSimulator.Build.0 = Debug|iPhoneSimulator
		{C0A779D3-138C-42EF-B2F7-EFF0D67BA92A}.Debug|x64.ActiveCfg = Debug|iPhone
		{C0A779D3-138C-42EF-B2F7-EFF0D67BA92A}.Debug|x86.ActiveCfg = Debug|iPhone
		{C0A779D3-138C-42EF-B2F7-EFF0D67BA92A}.Release|Any CPU.ActiveCfg = Release|iPhone
		{C0A779D3-138C-42EF-B2F7-EFF0D67BA92A}.Release|ARM.ActiveCfg = Release|iPhone
		{C0A779D3-138C-42EF-B2F7-EFF0D67BA92A}.Release|iPhone.ActiveCfg = Release|iPhone
		{C0A779D3-138C-42EF-B2F7-EFF0D67BA92A}.Release|iPhone.Build.0 = Release|iPhone
		{C0A779D3-138C-42EF-B2F7-EFF0D67BA92A}.Release|iPhoneSimulator.ActiveCfg = Release|iPhoneSimulator
		{C0A779D3-138C-42EF-B2F7-EFF0D67BA92A}.Release|iPhoneSimulator.Build.0 = Release|iPhoneSimulator
		{C0A779D3-138C-42EF-B2F7-EFF0D67BA92A}.Release|x64.ActiveCfg = Release|iPhone
		{C0A779D3-138C-42EF-B2F7-EFF0D67BA92A}.Release|x86.ActiveCfg = Release|iPhone
	EndGlobalSection
	GlobalSection(SolutionProperties) = preSolution
		HideSolutionNode = FALSE
	EndGlobalSection
	GlobalSection(TeamFoundationVersionControl) = preSolution
		SccNumberOfProjects = 5
		SccEnterpriseProvider = {4CA58AB2-18FA-4F8D-95D4-32DDF27D184C}
		SccTeamFoundationServer = https://progdispositivosmoveis2.visualstudio.com/
		SccLocalPath0 = .
		SccProjectUniqueName1 = Contatos\\Contatos.Android\\Contatos.Android.csproj
		SccProjectName1 = Contatos/Contatos.Android
		SccLocalPath1 = Contatos\\Contatos.Android
		SccProjectUniqueName2 = Contatos\\Contatos.iOS\\Contatos.iOS.csproj
		SccProjectName2 = Contatos/Contatos.iOS
		SccLocalPath2 = Contatos\\Contatos.iOS
		SccProjectUniqueName3 = Contatos\\Contatos.UWP\\Contatos.UWP.csproj
		SccProjectName3 = Contatos/Contatos.UWP
		SccLocalPath3 = Contatos\\Contatos.UWP
		SccProjectUniqueName4 = Contatos\\Contatos\\Contatos.csproj
		SccProjectName4 = Contatos/Contatos
		SccLocalPath4 = Contatos\\Contatos
	EndGlobalSection
EndGlobal
